lockfileVersion: '9.0'

settings:
  autoInstallPeers: true
  excludeLinksFromLockfile: false

importers:

  .:
    dependencies:
      axios:
        specifier: ^1.7.9
        version: 1.7.9
      consola:
        specifier: ^3.4.0
        version: 3.4.0
      dotenv:
        specifier: ^17.2.2
        version: 17.2.2
      glob:
        specifier: ^11.0.1
        version: 11.0.1
    devDependencies:
      '@types/node':
        specifier: ^22.13.4
        version: 22.13.4
      bumpp:
        specifier: ^10.0.3
        version: 10.0.3
      tsdown:
        specifier: ^0.12.9
        version: 0.12.9(typescript@5.7.3)
      tslib:
        specifier: ^2.8.1
        version: 2.8.1
      typescript:
        specifier: ^5.7.3
        version: 5.7.3

packages:

  '@babel/generator@7.28.0':
    resolution: {integrity: sha512-lJjzvrbEeWrhB4P3QBsH7tey117PjLZnDbLiQEKjQ/fNJTjuq4HSqgFA+UNSwZT8D7dxxbnuSBMsa1lrWzKlQg==}
    engines: {node: '>=6.9.0'}

  '@babel/helper-string-parser@7.27.1':
    resolution: {integrity: sha512-qMlSxKbpRlAridDExk92nSobyDdpPijUq2DW6oDnUqd0iOGxmQjyqhMIihI9+zv4LPyZdRje2cavWPbCbWm3eA==}
    engines: {node: '>=6.9.0'}

  '@babel/helper-validator-identifier@7.27.1':
    resolution: {integrity: sha512-D2hP9eA+Sqx1kBZgzxZh0y1trbuU+JoDkiEwqhQ36nodYqJwyEIhPSdMNd7lOm/4io72luTPWH20Yda0xOuUow==}
    engines: {node: '>=6.9.0'}

  '@babel/parser@7.28.0':
    resolution: {integrity: sha512-jVZGvOxOuNSsuQuLRTh13nU0AogFlw32w/MT+LV6D3sP5WdbW61E77RnkbaO2dUvmPAYrBDJXGn5gGS6tH4j8g==}
    engines: {node: '>=6.0.0'}
    hasBin: true

  '@babel/types@7.28.1':
    resolution: {integrity: sha512-x0LvFTekgSX+83TI28Y9wYPUfzrnl2aT5+5QLnO6v7mSJYtEEevuDRN0F0uSHRk1G1IWZC43o00Y0xDDrpBGPQ==}
    engines: {node: '>=6.9.0'}

  '@emnapi/core@1.4.4':
    resolution: {integrity: sha512-A9CnAbC6ARNMKcIcrQwq6HeHCjpcBZ5wSx4U01WXCqEKlrzB9F9315WDNHkrs2xbx7YjjSxbUYxuN6EQzpcY2g==}

  '@emnapi/runtime@1.4.4':
    resolution: {integrity: sha512-hHyapA4A3gPaDCNfiqyZUStTMqIkKRshqPIuDOXv1hcBnD4U3l8cP0T1HMCfGRxQ6V64TGCcoswChANyOAwbQg==}

  '@emnapi/wasi-threads@1.0.3':
    resolution: {integrity: sha512-8K5IFFsQqF9wQNJptGbS6FNKgUTsSRYnTqNCG1vPP8jFdjSv18n2mQfJpkt2Oibo9iBEzcDnDxNwKTzC7svlJw==}

  '@isaacs/cliui@8.0.2':
    resolution: {integrity: sha512-O8jcjabXaleOG9DQ0+ARXWZBTfnP4WNAqzuiJK7ll44AmxGKv/J2M4TPjxjY3znBCfvBXFzucm1twdyFybFqEA==}
    engines: {node: '>=12'}

  '@jridgewell/gen-mapping@0.3.12':
    resolution: {integrity: sha512-OuLGC46TjB5BbN1dH8JULVVZY4WTdkF7tV9Ys6wLL1rubZnCMstOhNHueU5bLCrnRuDhKPDM4g6sw4Bel5Gzqg==}

  '@jridgewell/resolve-uri@3.1.2':
    resolution: {integrity: sha512-bRISgCIjP20/tbWSPWMEi54QVPRZExkuD9lJL+UIxUKtwVJA8wW1Trb1jMs1RFXo1CBTNZ/5hpC9QvmKWdopKw==}
    engines: {node: '>=6.0.0'}

  '@jridgewell/sourcemap-codec@1.5.0':
    resolution: {integrity: sha512-gv3ZRaISU3fjPAgNsriBRqGWQL6quFx04YMPW/zD8XMLsU32mhCCbfbO6KZFLjvYpCZ8zyDEgqsgf+PwPaM7GQ==}

  '@jridgewell/trace-mapping@0.3.29':
    resolution: {integrity: sha512-uw6guiW/gcAGPDhLmd77/6lW8QLeiV5RUTsAX46Db6oLhGaVj4lhnPwb184s1bkc8kdVg/+h988dro8GRDpmYQ==}

  '@napi-rs/wasm-runtime@1.0.0':
    resolution: {integrity: sha512-OInwPIZhcQ+aWOBFMUXzv95RLDTBRPaNPm5kSFJaL3gVAMVxrzc0YXNsVeLPHf+4sTviOy2e5wZdvKILb7dC/w==}

  '@oxc-project/runtime@0.77.2':
    resolution: {integrity: sha512-oqzN82vVbqK6BnUuYDlBMlMr8mEeysMn/P8HbiB3j5rD04JvIfONCfh6SbtJTxhp1C4cjLi1evrtVTIptrln7Q==}
    engines: {node: '>=6.9.0'}

  '@oxc-project/types@0.77.2':
    resolution: {integrity: sha512-+ZFWJF8ZBTOIO5PiNohNIw7JBzJCybScfrhLh65tcHCAtqaQkVDonjRD1HmMV/RF3rtt3r88hzSyTqvXs4j7vw==}

  '@quansync/fs@0.1.3':
    resolution: {integrity: sha512-G0OnZbMWEs5LhDyqy2UL17vGhSVHkQIfVojMtEWVenvj0V5S84VBgy86kJIuNsGDp2p7sTKlpSIpBUWdC35OKg==}
    engines: {node: '>=20.0.0'}

  '@rolldown/binding-android-arm64@1.0.0-beta.28':
    resolution: {integrity: sha512-hLb7k11KBXtO8xc7DO1OWriXWM/2FKv/R510NChqpzoI6au2aJbGUQTKJw4D8Mj7oHfY2Nwzy+sJBgWx/P8IKw==}
    cpu: [arm64]
    os: [android]

  '@rolldown/binding-darwin-arm64@1.0.0-beta.28':
    resolution: {integrity: sha512-yRhjS3dcjfAasnJ2pTyCVm5rtfOmkGIglrFh+n9J7Zi4owJFsVVpbY7dOE3T1Op3mQ94apGN+Twtv6CIk6GFIQ==}
    cpu: [arm64]
    os: [darwin]

  '@rolldown/binding-darwin-x64@1.0.0-beta.28':
    resolution: {integrity: sha512-eOX0pjz++yVdqcDqnoZeVXUHxak2AcEgQBlEKJYaeJj+O5V3r3wSnlDVSkgD6YEAHo2IlIa89+qFHv529esY6w==}
    cpu: [x64]
    os: [darwin]

  '@rolldown/binding-freebsd-x64@1.0.0-beta.28':
    resolution: {integrity: sha512-WV1QYVMkkp/568iaEBoZhD1axFLhSO+ybCJlbmHkTFMub4wb5bmKtfuaBgjUVDDSB6JfZ6UL3Z0Q9VVHENOgsg==}
    cpu: [x64]
    os: [freebsd]

  '@rolldown/binding-linux-arm-gnueabihf@1.0.0-beta.28':
    resolution: {integrity: sha512-ug/Wh9Tz4XB/CsYvaI2r5uC3vE3zrP5iDIsD+uEgFPV71BOQOfXFgZbC1zv+J1adkzWACr578aGQqW9jRj0gVA==}
    cpu: [arm]
    os: [linux]

  '@rolldown/binding-linux-arm64-gnu@1.0.0-beta.28':
    resolution: {integrity: sha512-h3hzQuP+5l47wxn9+A39n1Q3i4mAvbNFJCZ8EZLrkqfsecfeZ5btIbDJTVAIQTy+uPr7uluAHIf11Jw+YkWjOQ==}
    cpu: [arm64]
    os: [linux]

  '@rolldown/binding-linux-arm64-musl@1.0.0-beta.28':
    resolution: {integrity: sha512-oW5LydGtfdT8TI5HTybxi1DdMCXCmVE1ak4VrSmVKsbBZyE0bDgL1UvTS1OOvuq4PM24zQHIuSNOpgLXgVj4vQ==}
    cpu: [arm64]
    os: [linux]

  '@rolldown/binding-linux-arm64-ohos@1.0.0-beta.28':
    resolution: {integrity: sha512-yeAAPMgssEkTCouUSYLrSWm+EXYBFI+ZTe8BVQkY5le51OCbqFNibtYkKZNHZBdhNRjWcSKSIuXN4MAXBz1j+g==}
    cpu: [arm64]
    os: [openharmony]

  '@rolldown/binding-linux-x64-gnu@1.0.0-beta.28':
    resolution: {integrity: sha512-xWsylmva9L4ZFc28A9VGlF9fnrFpVxVC+kKqrBoqz2l/p5b4zRoFNtnSecivnxuPeR5Ga6W6lnpwGeWDvqBZ1Q==}
    cpu: [x64]
    os: [linux]

  '@rolldown/binding-linux-x64-musl@1.0.0-beta.28':
    resolution: {integrity: sha512-IdtRNm70EH7/1mjqXJc4pa2MoAxo/xl9hN8VySG9BQuYfhQz+JDC+FZBc+krlVUO3cTJz/o4xI/x4kA+rLKTwA==}
    cpu: [x64]
    os: [linux]

  '@rolldown/binding-wasm32-wasi@1.0.0-beta.28':
    resolution: {integrity: sha512-jS2G0+GtUCVcglCefScxgXeLJal0UAvVwvpy3reoC07K16k8WM/lXoYsZdpw34d5ONg0XcZpcokzA9R5K2o0lQ==}
    engines: {node: '>=14.0.0'}
    cpu: [wasm32]

  '@rolldown/binding-win32-arm64-msvc@1.0.0-beta.28':
    resolution: {integrity: sha512-K6SO4e48aqpE/E6iEaXYG1kVX3owLierZUngP44f7s6WcnNUXsX8aborZZkKDKjgfk654M/EjSI7riPQXfynIA==}
    cpu: [arm64]
    os: [win32]

  '@rolldown/binding-win32-ia32-msvc@1.0.0-beta.28':
    resolution: {integrity: sha512-IIAecHvlUY/oxADfA6sZFfmRx0ajY+U1rAPFT77COp11kf7irUJeD9GskFzCm+7Wm+q8Vogyh0KWqqd6f5Azgg==}
    cpu: [ia32]
    os: [win32]

  '@rolldown/binding-win32-x64-msvc@1.0.0-beta.28':
    resolution: {integrity: sha512-eMGdPBhNkylib+7eaeC69axEjg5Y1Vie5LoKDBVaZ71jYTmtrUdna9PTUblkCIChNTQKlgxpi/eCaYmhId0aYA==}
    cpu: [x64]
    os: [win32]

  '@rolldown/pluginutils@1.0.0-beta.28':
    resolution: {integrity: sha512-fe3/1HZ3qJmXvkGv1kacKq2b+x9gbcyF1hnmLBVrRFEQWoOcRapQjXf8+hgyxI0EJAbnKEtrp5yhohQCFCjycw==}

  '@tybys/wasm-util@0.10.0':
    resolution: {integrity: sha512-VyyPYFlOMNylG45GoAe0xDoLwWuowvf92F9kySqzYh8vmYm7D2u4iUJKa1tOUpS70Ku13ASrOkS4ScXFsTaCNQ==}

  '@types/node@22.13.4':
    resolution: {integrity: sha512-ywP2X0DYtX3y08eFVx5fNIw7/uIv8hYUKgXoK8oayJlLnKcRfEYCxWMVE1XagUdVtCJlZT1AU4LXEABW+L1Peg==}

  acorn@8.14.0:
    resolution: {integrity: sha512-cl669nCJTZBsL97OF4kUQm5g5hC2uihk0NxY3WENAC0TYdILVkAyHymAntgxGkl7K+t0cXIrH5siy5S4XkFycA==}
    engines: {node: '>=0.4.0'}
    hasBin: true

  ansi-regex@5.0.1:
    resolution: {integrity: sha512-quJQXlTSUGL2LH9SUXo8VwsY4soanhgo6LNSm84E1LBcE8s3O0wpdiRzyR9z/ZZJMlMWv37qOOb9pdJlMUEKFQ==}
    engines: {node: '>=8'}

  ansi-regex@6.1.0:
    resolution: {integrity: sha512-7HSX4QQb4CspciLpVFwyRe79O3xsIZDDLER21kERQ71oaPodF8jL725AgJMFAYbooIqolJoRLuM81SpeUkpkvA==}
    engines: {node: '>=12'}

  ansi-styles@4.3.0:
    resolution: {integrity: sha512-zbB9rCJAT1rbjiVDb2hqKFHNYLxgtk8NURxZ3IZwD3F6NtxbXZQCnnSi1Lkx+IDohdPlFp222wVALIheZJQSEg==}
    engines: {node: '>=8'}

  ansi-styles@6.2.1:
    resolution: {integrity: sha512-bN798gFfQX+viw3R7yrGWRqnrN2oRkEkUjjl4JNn4E8GxxbjtG3FbrEIIY3l8/hrwUwIeCZvi4QuOTP4MErVug==}
    engines: {node: '>=12'}

  ansis@4.1.0:
    resolution: {integrity: sha512-BGcItUBWSMRgOCe+SVZJ+S7yTRG0eGt9cXAHev72yuGcY23hnLA7Bky5L/xLyPINoSN95geovfBkqoTlNZYa7w==}
    engines: {node: '>=14'}

  argparse@2.0.1:
    resolution: {integrity: sha512-8+9WqebbFzpX9OR+Wa6O29asIogeRMzcGtAINdpMHHyAg10f05aSFVBbcEqGf/PXw1EjAZ+q2/bEBg3DvurK3Q==}

  args-tokenizer@0.3.0:
    resolution: {integrity: sha512-xXAd7G2Mll5W8uo37GETpQ2VrE84M181Z7ugHFGQnJZ50M2mbOv0osSZ9VsSgPfJQ+LVG0prSi0th+ELMsno7Q==}

  ast-kit@2.1.1:
    resolution: {integrity: sha512-mfh6a7gKXE8pDlxTvqIc/syH/P3RkzbOF6LeHdcKztLEzYe6IMsRCL7N8vI7hqTGWNxpkCuuRTpT21xNWqhRtQ==}
    engines: {node: '>=20.18.0'}

  asynckit@0.4.0:
    resolution: {integrity: sha512-Oei9OH4tRh0YqU3GxhX79dM/mwVgvbZJaSNaRk+bshkj0S5cfHcgYakreBjrHwatXKbz+IoIdYLxrKim2MjW0Q==}

  axios@1.7.9:
    resolution: {integrity: sha512-LhLcE7Hbiryz8oMDdDptSrWowmB4Bl6RCt6sIJKpRB4XtVf0iEgewX3au/pJqm+Py1kCASkb/FFKjxQaLtxJvw==}

  balanced-match@1.0.2:
    resolution: {integrity: sha512-3oSeUO0TMV67hN1AmbXsK4yaqU7tjiHlbxRDZOpH0KW9+CeX4bRAaX0Anxt0tx2MrpRpWwQaPwIlISEJhYU5Pw==}

  birpc@2.5.0:
    resolution: {integrity: sha512-VSWO/W6nNQdyP520F1mhf+Lc2f8pjGQOtoHHm7Ze8Go1kX7akpVIrtTa0fn+HB0QJEDVacl6aO08YE0PgXfdnQ==}

  brace-expansion@2.0.1:
    resolution: {integrity: sha512-XnAIvQ8eM+kC6aULx6wuQiwVsnzsi9d3WxzV3FpWTGA19F621kwdbsAcFKXgKUHZWsy+mY6iL1sHTxWEFCytDA==}

  bumpp@10.0.3:
    resolution: {integrity: sha512-5ONBZenNf9yfTIl2vFvDEfeeioidt0fG10SzjHQw50BRxOmXzsdY+lab1+SDMfiW6UyJ1xQqzFymcy5wa8YhTA==}
    engines: {node: '>=18'}
    hasBin: true

  c12@2.0.2:
    resolution: {integrity: sha512-NkvlL5CHZt9kPswJYDCUYtTaMt7JOfcpsnNncfj7sWsc13x6Wz+GiTpBtqZOojFlzyTHui8+OAfR6praV6PYaQ==}
    peerDependencies:
      magicast: ^0.3.5
    peerDependenciesMeta:
      magicast:
        optional: true

  cac@6.7.14:
    resolution: {integrity: sha512-b6Ilus+c3RrdDk+JhLKUAQfzzgLEPy6wcXqS7f/xe1EETvsDP6GORG7SFuOs6cID5YkqchW/LXZbX5bc8j7ZcQ==}
    engines: {node: '>=8'}

  call-bind-apply-helpers@1.0.2:
    resolution: {integrity: sha512-Sp1ablJ0ivDkSzjcaJdxEunN5/XvksFJ2sMBFfq6x0ryhQV/2b/KwFe21cMpmHtPOSij8K99/wSfoEuTObmuMQ==}
    engines: {node: '>= 0.4'}

  chokidar@4.0.3:
    resolution: {integrity: sha512-Qgzu8kfBvo+cA4962jnP1KkS6Dop5NS6g7R5LFYJr4b8Ub94PPQXUksCw9PvXoeXPRRddRNC5C1JQUR2SMGtnA==}
    engines: {node: '>= 14.16.0'}

  chownr@2.0.0:
    resolution: {integrity: sha512-bIomtDF5KGpdogkLd9VspvFzk9KfpyyGlS8YFVZl7TGPBHL5snIOnxeshwVgPteQ9b4Eydl+pVbIyE1DcvCWgQ==}
    engines: {node: '>=10'}

  citty@0.1.6:
    resolution: {integrity: sha512-tskPPKEs8D2KPafUypv2gxwJP8h/OaJmC82QQGGDQcHvXX43xF2VDACcJVmZ0EuSxkpO9Kc4MlrA3q0+FG58AQ==}

  color-convert@2.0.1:
    resolution: {integrity: sha512-RRECPsj7iu/xb5oKYcsFHSppFNnsj/52OVTRKb4zP5onXwVF3zVmmToNcOfGC+CRDpfK/U584fMg38ZHCaElKQ==}
    engines: {node: '>=7.0.0'}

  color-name@1.1.4:
    resolution: {integrity: sha512-dOy+3AuW3a2wNbZHIuMZpTcgjGuLU/uBL/ubcZF9OXbDo8ff4O8yVp5Bf0efS8uEoYo5q4Fx7dY9OgQGXgAsQA==}

  combined-stream@1.0.8:
    resolution: {integrity: sha512-FQN4MRfuJeHf7cBbBMJFXhKSDq+2kAArBlmRBvcvFE5BB1HZKXtSFASDhdlz9zOYwxh8lDdnvmMOe/+5cdoEdg==}
    engines: {node: '>= 0.8'}

  confbox@0.1.8:
    resolution: {integrity: sha512-RMtmw0iFkeR4YV+fUOSucriAQNb9g8zFR52MWCtl+cCZOFRNL6zeB395vPzFhEjjn4fMxXudmELnl/KF/WrK6w==}

  consola@3.4.0:
    resolution: {integrity: sha512-EiPU8G6dQG0GFHNR8ljnZFki/8a+cQwEQ+7wpxdChl02Q8HXlwEZWD5lqAF8vC2sEC3Tehr8hy7vErz88LHyUA==}
    engines: {node: ^14.18.0 || >=16.10.0}

  cross-spawn@7.0.6:
    resolution: {integrity: sha512-uV2QOWP2nWzsy2aMp8aRibhi9dlzF5Hgh5SHaB9OiTGEyDTiJJyx0uy51QXdyWbtAHNua4XJzUKca3OzKUd3vA==}
    engines: {node: '>= 8'}

  debug@4.4.1:
    resolution: {integrity: sha512-KcKCqiftBJcZr++7ykoDIEwSa3XWowTfNPo92BYxjXiyYEVrUQh2aLyhxBCwww+heortUFxEJYcRzosstTEBYQ==}
    engines: {node: '>=6.0'}
    peerDependencies:
      supports-color: '*'
    peerDependenciesMeta:
      supports-color:
        optional: true

  defu@6.1.4:
    resolution: {integrity: sha512-mEQCMmwJu317oSz8CwdIOdwf3xMif1ttiM8LTufzc3g6kR+9Pe236twL8j3IYT1F7GfRgGcW6MWxzZjLIkuHIg==}

  delayed-stream@1.0.0:
    resolution: {integrity: sha512-ZySD7Nf91aLB0RxL4KGrKHBXl7Eds1DAmEdcoVawXnLD7SDhpNgtuII2aAkg7a7QS41jxPSZ17p4VdGnMHk3MQ==}
    engines: {node: '>=0.4.0'}

  destr@2.0.3:
    resolution: {integrity: sha512-2N3BOUU4gYMpTP24s5rF5iP7BDr7uNTCs4ozw3kf/eKfvWSIu93GEBi5m427YoyJoeOzQ5smuu4nNAPGb8idSQ==}

  diff@8.0.2:
    resolution: {integrity: sha512-sSuxWU5j5SR9QQji/o2qMvqRNYRDOcBTgsJ/DeCf4iSN4gW+gNMXM7wFIP+fdXZxoNiAnHUTGjCr+TSWXdRDKg==}
    engines: {node: '>=0.3.1'}

  dotenv@16.4.7:
    resolution: {integrity: sha512-47qPchRCykZC03FhkYAhrvwU4xDBFIj1QPqaarj6mdM/hgUzfPHcpkHJOn3mJAufFeeAxAzeGsr5X0M4k6fLZQ==}
    engines: {node: '>=12'}

  dotenv@17.2.2:
    resolution: {integrity: sha512-Sf2LSQP+bOlhKWWyhFsn0UsfdK/kCWRv1iuA2gXAwt3dyNabr6QSj00I2V10pidqz69soatm9ZwZvpQMTIOd5Q==}
    engines: {node: '>=12'}

  dts-resolver@2.1.1:
    resolution: {integrity: sha512-3BiGFhB6mj5Kv+W2vdJseQUYW+SKVzAFJL6YNP6ursbrwy1fXHRotfHi3xLNxe4wZl/K8qbAFeCDjZLjzqxxRw==}
    engines: {node: '>=20.18.0'}
    peerDependencies:
      oxc-resolver: '>=11.0.0'
    peerDependenciesMeta:
      oxc-resolver:
        optional: true

  dunder-proto@1.0.1:
    resolution: {integrity: sha512-KIN/nDJBQRcXw0MLVhZE9iQHmG68qAVIBg9CqmUYjmQIhgij9U5MFvrqkUL5FbtyyzZuOeOt0zdeRe4UY7ct+A==}
    engines: {node: '>= 0.4'}

  eastasianwidth@0.2.0:
    resolution: {integrity: sha512-I88TYZWc9XiYHRQ4/3c5rjjfgkjhLyW2luGIheGERbNQ6OY7yTybanSpDXZa8y7VUP9YmDcYa+eyq4ca7iLqWA==}

  emoji-regex@8.0.0:
    resolution: {integrity: sha512-MSjYzcWNOA0ewAHpz0MxpYFvwg6yjy1NG3xteoqz644VCo/RPgnr1/GGt+ic3iJTzQ8Eu3TdM14SawnVUmGE6A==}

  emoji-regex@9.2.2:
    resolution: {integrity: sha512-L18DaJsXSUk2+42pv8mLs5jJT2hqFkFE4j21wOmgbUqsZ2hL72NsUU785g9RXgo3s0ZNgVl42TiHp3ZtOv/Vyg==}

  empathic@2.0.0:
    resolution: {integrity: sha512-i6UzDscO/XfAcNYD75CfICkmfLedpyPDdozrLMmQc5ORaQcdMoc21OnlEylMIqI7U8eniKrPMxxtj8k0vhmJhA==}
    engines: {node: '>=14'}

  es-define-property@1.0.1:
    resolution: {integrity: sha512-e3nRfgfUZ4rNGL232gUgX06QNyyez04KdjFrF+LTRoOXmrOgFKDg4BCdsjW8EnT69eqdYGmRpJwiPVYNrCaW3g==}
    engines: {node: '>= 0.4'}

  es-errors@1.3.0:
    resolution: {integrity: sha512-Zf5H2Kxt2xjTvbJvP2ZWLEICxA6j+hAmMzIlypy4xcBg1vKVnx89Wy0GbS+kf5cwCVFFzdCFh2XSCFNULS6csw==}
    engines: {node: '>= 0.4'}

  es-object-atoms@1.1.1:
    resolution: {integrity: sha512-FGgH2h8zKNim9ljj7dankFPcICIK9Cp5bm+c2gQSYePhpaG5+esrLODihIorn+Pe6FGJzWhXQotPv73jTaldXA==}
    engines: {node: '>= 0.4'}

  es-set-tostringtag@2.1.0:
    resolution: {integrity: sha512-j6vWzfrGVfyXxge+O0x5sh6cvxAog0a/4Rdd2K36zCMV5eJ+/+tOAngRO8cODMNWbVRdVlmGZQL2YS3yR8bIUA==}
    engines: {node: '>= 0.4'}

  escalade@3.2.0:
    resolution: {integrity: sha512-WUj2qlxaQtO4g6Pq5c29GTcWGDyd8itL8zTlipgECz3JesAiiOKotd8JU6otB3PACgG6xkJUyVhboMS+bje/jA==}
    engines: {node: '>=6'}

  fdir@6.4.3:
    resolution: {integrity: sha512-PMXmW2y1hDDfTSRc9gaXIuCCRpuoz3Kaz8cUelp3smouvfT632ozg2vrT6lJsHKKOF59YLbOGfAWGUcKEfRMQw==}
    peerDependencies:
      picomatch: ^3 || ^4
    peerDependenciesMeta:
      picomatch:
        optional: true

  fdir@6.4.6:
    resolution: {integrity: sha512-hiFoqpyZcfNm1yc4u8oWCf9A2c4D3QjCrks3zmoVKVxpQRzmPNar1hUJcBG2RQHvEVGDN+Jm81ZheVLAQMK6+w==}
    peerDependencies:
      picomatch: ^3 || ^4
    peerDependenciesMeta:
      picomatch:
        optional: true

  follow-redirects@1.15.9:
    resolution: {integrity: sha512-gew4GsXizNgdoRyqmyfMHyAmXsZDk6mHkSxZFCzW9gwlbtOW44CDtYavM+y+72qD/Vq2l550kMF52DT8fOLJqQ==}
    engines: {node: '>=4.0'}
    peerDependencies:
      debug: '*'
    peerDependenciesMeta:
      debug:
        optional: true

  foreground-child@3.3.0:
    resolution: {integrity: sha512-Ld2g8rrAyMYFXBhEqMz8ZAHBi4J4uS1i/CxGMDnjyFWddMXLVcDp051DZfu+t7+ab7Wv6SMqpWmyFIj5UbfFvg==}
    engines: {node: '>=14'}

  form-data@4.0.2:
    resolution: {integrity: sha512-hGfm/slu0ZabnNt4oaRZ6uREyfCj6P4fT/n6A1rGV+Z0VdGXjfOhVUpkn6qVQONHGIFwmveGXyDs75+nr6FM8w==}
    engines: {node: '>= 6'}

  fs-minipass@2.1.0:
    resolution: {integrity: sha512-V/JgOLFCS+R6Vcq0slCuaeWEdNC3ouDlJMNIsacH2VtALiu9mV4LPrHc5cDl8k5aw6J8jwgWWpiTo5RYhmIzvg==}
    engines: {node: '>= 8'}

  function-bind@1.1.2:
    resolution: {integrity: sha512-7XHNxH7qX9xG5mIwxkhumTox/MIRNcOgDrxWsMt2pAr23WHp6MrRlN7FBSFpCpr+oVO0F744iUgR82nJMfG2SA==}

  get-intrinsic@1.2.7:
    resolution: {integrity: sha512-VW6Pxhsrk0KAOqs3WEd0klDiF/+V7gQOpAvY1jVU/LHmaD/kQO4523aiJuikX/QAKYiW6x8Jh+RJej1almdtCA==}
    engines: {node: '>= 0.4'}

  get-proto@1.0.1:
    resolution: {integrity: sha512-sTSfBjoXBp89JvIKIefqw7U2CCebsc74kiY6awiGogKtoSGbgjYE/G/+l9sF3MWFPNc9IcoOC4ODfKHfxFmp0g==}
    engines: {node: '>= 0.4'}

  get-tsconfig@4.10.1:
    resolution: {integrity: sha512-auHyJ4AgMz7vgS8Hp3N6HXSmlMdUyhSUrfBF16w153rxtLIEOE+HGqaBppczZvnHLqQJfiHotCYpNhl0lUROFQ==}

  giget@1.2.4:
    resolution: {integrity: sha512-Wv+daGyispVoA31TrWAVR+aAdP7roubTPEM/8JzRnqXhLbdJH0T9eQyXVFF8fjk3WKTsctII6QcyxILYgNp2DA==}
    hasBin: true

  glob@11.0.1:
    resolution: {integrity: sha512-zrQDm8XPnYEKawJScsnM0QzobJxlT/kHOOlRTio8IH/GrmxRE5fjllkzdaHclIuNjUQTJYH2xHNIGfdpJkDJUw==}
    engines: {node: 20 || >=22}
    hasBin: true

  gopd@1.2.0:
    resolution: {integrity: sha512-ZUKRh6/kUFoAiTAtTYPZJ3hw9wNxx+BIBOijnlG9PnrJsCcSjs1wyyD6vJpaYtgnzDrKYRSqf3OO6Rfa93xsRg==}
    engines: {node: '>= 0.4'}

  has-symbols@1.1.0:
    resolution: {integrity: sha512-1cDNdwJ2Jaohmb3sg4OmKaMBwuC48sYni5HUw2DvsC8LjGTLK9h+eb1X6RyuOHe4hT0ULCW68iomhjUoKUqlPQ==}
    engines: {node: '>= 0.4'}

  has-tostringtag@1.0.2:
    resolution: {integrity: sha512-NqADB8VjPFLM2V0VvHUewwwsw0ZWBaIdgo+ieHtK3hasLz4qeCRjYcqfB6AQrBggRKppKF8L52/VqdVsO47Dlw==}
    engines: {node: '>= 0.4'}

  hasown@2.0.2:
    resolution: {integrity: sha512-0hJU9SCPvmMzIBdZFqNPXWa6dqh7WdH0cII9y+CyS8rG3nL48Bclra9HmKhVVUHyPWNH5Y7xDwAB7bfgSjkUMQ==}
    engines: {node: '>= 0.4'}

  hookable@5.5.3:
    resolution: {integrity: sha512-Yc+BQe8SvoXH1643Qez1zqLRmbA5rCL+sSmk6TVos0LWVfNIB7PGncdlId77WzLGSIB5KaWgTaNTs2lNVEI6VQ==}

  is-fullwidth-code-point@3.0.0:
    resolution: {integrity: sha512-zymm5+u+sCsSWyD9qNaejV3DFvhCKclKdizYaJUuHA83RLjb7nSuGnddCHGv0hk+KY7BMAlsWeK4Ueg6EV6XQg==}
    engines: {node: '>=8'}

  isexe@2.0.0:
    resolution: {integrity: sha512-RHxMLp9lnKHGHRng9QFhRCMbYAcVpn69smSGcq3f36xjgVVWThj4qqLbTLlq7Ssj8B+fIQ1EuCEGI2lKsyQeIw==}

  jackspeak@4.0.3:
    resolution: {integrity: sha512-oSwM7q8PTHQWuZAlp995iPpPJ4Vkl7qT0ZRD+9duL9j2oBy6KcTfyxc8mEuHJYC+z/kbps80aJLkaNzTOrf/kw==}
    engines: {node: 20 || >=22}

  jiti@2.4.2:
    resolution: {integrity: sha512-rg9zJN+G4n2nfJl5MW3BMygZX56zKPNVEYYqq7adpmMh4Jn2QNEwhvQlFy6jPVdcod7txZtKHWnyZiA3a0zP7A==}
    hasBin: true

  js-yaml@4.1.0:
    resolution: {integrity: sha512-wpxZs9NoxZaJESJGIZTyDEaYpl0FKSA+FB9aJiyemKhMwkxQg63h4T1KJgUGHpTqPDNRcmmYLugrRjJlBtWvRA==}
    hasBin: true

  jsesc@3.1.0:
    resolution: {integrity: sha512-/sM3dO2FOzXjKQhJuo0Q173wf2KOo8t4I8vHy6lF9poUp7bKT0/NHE8fPX23PwfhnykfqnC2xRxOnVw5XuGIaA==}
    engines: {node: '>=6'}
    hasBin: true

  jsonc-parser@3.3.1:
    resolution: {integrity: sha512-HUgH65KyejrUFPvHFPbqOY0rsFip3Bo5wb4ngvdi1EpCYWUQDC5V+Y7mZws+DLkr4M//zQJoanu1SP+87Dv1oQ==}

  kleur@3.0.3:
    resolution: {integrity: sha512-eTIzlVOSUR+JxdDFepEYcBMtZ9Qqdef+rnzWdRZuMbOywu5tO2w2N7rqjoANZ5k9vywhL6Br1VRjUIgTQx4E8w==}
    engines: {node: '>=6'}

  lru-cache@11.0.2:
    resolution: {integrity: sha512-123qHRfJBmo2jXDbo/a5YOQrJoHF/GNQTLzQ5+IdK5pWpceK17yRc6ozlWd25FxvGKQbIUs91fDFkXmDHTKcyA==}
    engines: {node: 20 || >=22}

  math-intrinsics@1.1.0:
    resolution: {integrity: sha512-/IXtbwEk5HTPyEwyKX6hGkYXxM9nbj64B+ilVJnC/R6B0pH5G4V3b0pVbL7DBj4tkhBAppbQUlf6F6Xl9LHu1g==}
    engines: {node: '>= 0.4'}

  mime-db@1.52.0:
    resolution: {integrity: sha512-sPU4uV7dYlvtWJxwwxHD0PuihVNiE7TyAbQ5SWxDCB9mUYvOgroQOwYQQOKPJ8CIbE+1ETVlOoK1UC2nU3gYvg==}
    engines: {node: '>= 0.6'}

  mime-types@2.1.35:
    resolution: {integrity: sha512-ZDY+bPm5zTTF+YpCrAU9nK0UgICYPT0QtT1NZWFv4s++TNkcgVaT0g6+4R2uI4MjQjzysHB1zxuWL50hzaeXiw==}
    engines: {node: '>= 0.6'}

  minimatch@10.0.1:
    resolution: {integrity: sha512-ethXTt3SGGR+95gudmqJ1eNhRO7eGEGIgYA9vnPatK4/etz2MEVDno5GMCibdMTuBMyElzIlgxMna3K94XDIDQ==}
    engines: {node: 20 || >=22}

  minipass@3.3.6:
    resolution: {integrity: sha512-DxiNidxSEK+tHG6zOIklvNOwm3hvCrbUrdtzY74U6HKTJxvIDfOUL5W5P2Ghd3DTkhhKPYGqeNUIh5qcM4YBfw==}
    engines: {node: '>=8'}

  minipass@5.0.0:
    resolution: {integrity: sha512-3FnjYuehv9k6ovOEbyOswadCDPX1piCfhV8ncmYtHOjuPwylVWsghTLo7rabjC3Rx5xD4HDx8Wm1xnMF7S5qFQ==}
    engines: {node: '>=8'}

  minipass@7.1.2:
    resolution: {integrity: sha512-qOOzS1cBTWYF4BH8fVePDBOO9iptMnGUEZwNc/cMWnTV2nVLZ7VoNWEPHkYczZA0pdoA7dl6e7FL659nX9S2aw==}
    engines: {node: '>=16 || 14 >=14.17'}

  minizlib@2.1.2:
    resolution: {integrity: sha512-bAxsR8BVfj60DWXHE3u30oHzfl4G7khkSuPW+qvpd7jFRHm7dLxOjUk1EHACJ/hxLY8phGJ0YhYHZo7jil7Qdg==}
    engines: {node: '>= 8'}

  mkdirp@1.0.4:
    resolution: {integrity: sha512-vVqVZQyf3WLx2Shd0qJ9xuvqgAyKPLAiqITEtqW0oIUjzo3PePDd6fW9iFz30ef7Ysp/oiWqbhszeGWW2T6Gzw==}
    engines: {node: '>=10'}
    hasBin: true

  mlly@1.7.4:
    resolution: {integrity: sha512-qmdSIPC4bDJXgZTCR7XosJiNKySV7O215tsPtDN9iEO/7q/76b/ijtgRu/+epFXSJhijtTCCGp3DWS549P3xKw==}

  ms@2.1.3:
    resolution: {integrity: sha512-6FlzubTLZG3J2a/NVCAleEhjzq5oxgHyaCU9yYXvcLsvoVaHJq/s5xXI6/XXP6tz7R9xAOtHnSO/tXtF3WRTlA==}

  node-fetch-native@1.6.6:
    resolution: {integrity: sha512-8Mc2HhqPdlIfedsuZoc3yioPuzp6b+L5jRCRY1QzuWZh2EGJVQrGppC6V6cF0bLdbW0+O2YpqCA25aF/1lvipQ==}

  nypm@0.5.4:
    resolution: {integrity: sha512-X0SNNrZiGU8/e/zAB7sCTtdxWTMSIO73q+xuKgglm2Yvzwlo8UoC5FNySQFCvl84uPaeADkqHUZUkWy4aH4xOA==}
    engines: {node: ^14.16.0 || >=16.10.0}
    hasBin: true

  ohash@1.1.4:
    resolution: {integrity: sha512-FlDryZAahJmEF3VR3w1KogSEdWX3WhA5GPakFx4J81kEAiHyLMpdLLElS8n8dfNadMgAne/MywcvmogzscVt4g==}

  package-json-from-dist@1.0.1:
    resolution: {integrity: sha512-UEZIS3/by4OC8vL3P2dTXRETpebLI2NiI5vIrjaD/5UtrkFX/tNbwjTSRAGC/+7CAo2pIcBaRgWmcBBHcsaCIw==}

  package-manager-detector@0.2.9:
    resolution: {integrity: sha512-+vYvA/Y31l8Zk8dwxHhL3JfTuHPm6tlxM2A3GeQyl7ovYnSp1+mzAxClxaOr0qO1TtPxbQxetI7v5XqKLJZk7Q==}

  path-key@3.1.1:
    resolution: {integrity: sha512-ojmeN0qd+y0jszEtoY48r0Peq5dwMEkIlCOu6Q5f41lfkswXuKtYrhgoTpLnyIcHm24Uhqx+5Tqm2InSwLhE6Q==}
    engines: {node: '>=8'}

  path-scurry@2.0.0:
    resolution: {integrity: sha512-ypGJsmGtdXUOeM5u93TyeIEfEhM6s+ljAhrk5vAvSx8uyY/02OvrZnA0YNGUrPXfpJMgI1ODd3nwz8Npx4O4cg==}
    engines: {node: 20 || >=22}

  pathe@2.0.3:
    resolution: {integrity: sha512-WUjGcAqP1gQacoQe+OBJsFA7Ld4DyXuUIjZ5cc75cLHvJ7dtNsTugphxIADwspS+AraAUePCKrSVtPLFj/F88w==}

  perfect-debounce@1.0.0:
    resolution: {integrity: sha512-xCy9V055GLEqoFaHoC1SoLIaLmWctgCUaBaWxDZ7/Zx4CTyX7cJQLJOok/orfjZAh9kEYpjJa4d0KcJmCbctZA==}

  picomatch@4.0.2:
    resolution: {integrity: sha512-M7BAV6Rlcy5u+m6oPhAPFgJTzAioX/6B0DxyvDlo9l8+T3nLKbrczg2WLUyzd45L8RqfUMyGPzekbMvX2Ldkwg==}
    engines: {node: '>=12'}

  pkg-types@1.3.1:
    resolution: {integrity: sha512-/Jm5M4RvtBFVkKWRu2BLUTNP8/M2a+UwuAX+ae4770q1qVGtfjG+WTCupoZixokjmHiry8uI+dlY8KXYV5HVVQ==}

  prompts@2.4.2:
    resolution: {integrity: sha512-NxNv/kLguCA7p3jE8oL2aEBsrJWgAakBpgmgK6lpPWV+WuOmY6r2/zbAVnP+T8bQlA0nzHXSJSJW0Hq7ylaD2Q==}
    engines: {node: '>= 6'}

  proxy-from-env@1.1.0:
    resolution: {integrity: sha512-D+zkORCbA9f1tdWRK0RaCR3GPv50cMxcrz4X8k5LTSUD1Dkw47mKJEZQNunItRTkWwgtaUSo1RVFRIG9ZXiFYg==}

  quansync@0.2.10:
    resolution: {integrity: sha512-t41VRkMYbkHyCYmOvx/6URnN80H7k4X0lLdBMGsz+maAwrJQYB1djpV6vHrQIBE0WBSGqhtEHrK9U3DWWH8v7A==}

  rc9@2.1.2:
    resolution: {integrity: sha512-btXCnMmRIBINM2LDZoEmOogIZU7Qe7zn4BpomSKZ/ykbLObuBdvG+mFq11DL6fjH1DRwHhrlgtYWG96bJiC7Cg==}

  readdirp@4.1.2:
    resolution: {integrity: sha512-GDhwkLfywWL2s6vEjyhri+eXmfH6j1L7JE27WhqLeYzoh/A3DBaYGEj2H/HFZCn/kMfim73FXxEJTw06WtxQwg==}
    engines: {node: '>= 14.18.0'}

  resolve-pkg-maps@1.0.0:
    resolution: {integrity: sha512-seS2Tj26TBVOC2NIc2rOe2y2ZO7efxITtLZcGSOnHHNOQ7CkiUBfw0Iw2ck6xkIhPwLhKNLS8BO+hEpngQlqzw==}

  rolldown-plugin-dts@0.13.14:
    resolution: {integrity: sha512-wjNhHZz9dlN6PTIXyizB6u/mAg1wEFMW9yw7imEVe3CxHSRnNHVyycIX0yDEOVJfDNISLPbkCIPEpFpizy5+PQ==}
    engines: {node: '>=20.18.0'}
    peerDependencies:
      '@typescript/native-preview': '>=7.0.0-dev.20250601.1'
      rolldown: ^1.0.0-beta.9
      typescript: ^5.0.0
      vue-tsc: ^2.2.0 || ^3.0.0
    peerDependenciesMeta:
      '@typescript/native-preview':
        optional: true
      typescript:
        optional: true
      vue-tsc:
        optional: true

  rolldown@1.0.0-beta.28:
    resolution: {integrity: sha512-QOANlVluwwrLP5snQqKfC2lv/KJphMkjh4V0gpw0K40GdKmhd8eShIGOJNAC51idk5cn3xI08SZTRWj0R2XlDw==}
    hasBin: true

  semver@7.7.1:
    resolution: {integrity: sha512-hlq8tAfn0m/61p4BVRcPzIGr6LKiMwo4VM6dGi6pt4qcRkmNzTcWq6eCEjEh+qXjkMDvPlOFFSGwQjoEa6gyMA==}
    engines: {node: '>=10'}
    hasBin: true

  semver@7.7.2:
    resolution: {integrity: sha512-RF0Fw+rO5AMf9MAyaRXI4AV0Ulj5lMHqVxxdSgiVbixSCXoEmmX/jk0CuJw4+3SqroYO9VoUh+HcuJivvtJemA==}
    engines: {node: '>=10'}
    hasBin: true

  shebang-command@2.0.0:
    resolution: {integrity: sha512-kHxr2zZpYtdmrN1qDjrrX/Z1rR1kG8Dx+gkpK1G4eXmvXswmcE1hTWBWYUzlraYw1/yZp6YuDY77YtvbN0dmDA==}
    engines: {node: '>=8'}

  shebang-regex@3.0.0:
    resolution: {integrity: sha512-7++dFhtcx3353uBaq8DDR4NuxBetBzC7ZQOhmTQInHEd6bSrXdiEyzCvG07Z44UYdLShWUyXt5M/yhz8ekcb1A==}
    engines: {node: '>=8'}

  signal-exit@4.1.0:
    resolution: {integrity: sha512-bzyZ1e88w9O1iNJbKnOlvYTrWPDl46O1bG0D3XInv+9tkPrxrN8jUUTiFlDkkmKWgn1M6CfIA13SuGqOa9Korw==}
    engines: {node: '>=14'}

  sisteransi@1.0.5:
    resolution: {integrity: sha512-bLGGlR1QxBcynn2d5YmDX4MGjlZvy2MRBDRNHLJ8VI6l6+9FUiyTFNJ0IveOSP0bcXgVDPRcfGqA0pjaqUpfVg==}

  string-width@4.2.3:
    resolution: {integrity: sha512-wKyQRQpjJ0sIp62ErSZdGsjMJWsap5oRNihHhu6G7JVO/9jIB6UyevL+tXuOqrng8j/cxKTWyWUwvSTriiZz/g==}
    engines: {node: '>=8'}

  string-width@5.1.2:
    resolution: {integrity: sha512-HnLOCR3vjcY8beoNLtcjZ5/nxn2afmME6lhrDrebokqMap+XbeW8n9TXpPDOqdGK5qcI3oT0GKTW6wC7EMiVqA==}
    engines: {node: '>=12'}

  strip-ansi@6.0.1:
    resolution: {integrity: sha512-Y38VPSHcqkFrCpFnQ9vuSXmquuv5oXOKpGeT6aGrr3o3Gc9AlVa6JBfUSOCnbxGGZF+/0ooI7KrPuUSztUdU5A==}
    engines: {node: '>=8'}

  strip-ansi@7.1.0:
    resolution: {integrity: sha512-iq6eVVI64nQQTRYq2KtEg2d2uU7LElhTJwsH4YzIHZshxlgZms/wIc4VoDQTlG/IvVIrBKG06CrZnp0qv7hkcQ==}
    engines: {node: '>=12'}

  tar@6.2.1:
    resolution: {integrity: sha512-DZ4yORTwrbTj/7MZYq2w+/ZFdI6OZ/f9SFHR+71gIVUZhOQPHzVCLpvRnPgyaMpfWxxk/4ONva3GQSyNIKRv6A==}
    engines: {node: '>=10'}

  tinyexec@0.3.2:
    resolution: {integrity: sha512-KQQR9yN7R5+OSwaK0XQoj22pwHoTlgYqmUscPYoknOoWCWfj/5/ABTMRi69FrKU5ffPVh5QcFikpWJI/P1ocHA==}

  tinyexec@1.0.1:
    resolution: {integrity: sha512-5uC6DDlmeqiOwCPmK9jMSdOuZTh8bU39Ys6yidB+UTt5hfZUPGAypSgFRiEp+jbi9qH40BLDvy85jIU88wKSqw==}

  tinyglobby@0.2.12:
    resolution: {integrity: sha512-qkf4trmKSIiMTs/E63cxH+ojC2unam7rJ0WrauAzpT3ECNTxGRMlaXxVbfxMUC/w0LaYk6jQ4y/nGR9uBO3tww==}
    engines: {node: '>=12.0.0'}

  tinyglobby@0.2.14:
    resolution: {integrity: sha512-tX5e7OM1HnYr2+a2C/4V0htOcSQcoSTH9KgJnVvNm5zm/cyEWKJ7j7YutsH9CxMdtOkkLFy2AHrMci9IM8IPZQ==}
    engines: {node: '>=12.0.0'}

  tsdown@0.12.9:
    resolution: {integrity: sha512-MfrXm9PIlT3saovtWKf/gCJJ/NQCdE0SiREkdNC+9Qy6UHhdeDPxnkFaBD7xttVUmgp0yUHtGirpoLB+OVLuLA==}
    engines: {node: '>=18.0.0'}
    hasBin: true
    peerDependencies:
      '@arethetypeswrong/core': ^0.18.1
      publint: ^0.3.0
      typescript: ^5.0.0
      unplugin-lightningcss: ^0.4.0
      unplugin-unused: ^0.5.0
    peerDependenciesMeta:
      '@arethetypeswrong/core':
        optional: true
      publint:
        optional: true
      typescript:
        optional: true
      unplugin-lightningcss:
        optional: true
      unplugin-unused:
        optional: true

  tslib@2.8.1:
    resolution: {integrity: sha512-oJFu94HQb+KVduSUQL7wnpmqnfmLsOA/nAh6b6EH0wCEoK0/mPeXU6c3wKDV83MkOuHPRHtSXKKU99IBazS/2w==}

  typescript@5.7.3:
    resolution: {integrity: sha512-84MVSjMEHP+FQRPy3pX9sTVV/INIex71s9TL2Gm5FG/WG1SqXeKyZ0k7/blY/4FdOzI12CBy1vGc4og/eus0fw==}
    engines: {node: '>=14.17'}
    hasBin: true

  ufo@1.5.4:
    resolution: {integrity: sha512-UsUk3byDzKd04EyoZ7U4DOlxQaD14JUKQl6/P7wiX4FNvUfm3XL246n9W5AmqwW5RSFJ27NAuM0iLscAOYUiGQ==}

  unconfig@7.3.2:
    resolution: {integrity: sha512-nqG5NNL2wFVGZ0NA/aCFw0oJ2pxSf1lwg4Z5ill8wd7K4KX/rQbHlwbh+bjctXL5Ly1xtzHenHGOK0b+lG6JVg==}

  undici-types@6.20.0:
    resolution: {integrity: sha512-Ny6QZ2Nju20vw1SRHe3d9jVu6gJ+4e3+MMpqu7pqE5HT6WsTSlce++GQmK5UXS8mzV8DSYHrQH+Xrf2jVcuKNg==}

  which@2.0.2:
    resolution: {integrity: sha512-BLI3Tl1TW3Pvl70l3yq3Y64i+awpwXqsGBYWkkqMtnbXgrMD+yj7rhW0kuEDxzJaYXGjEW5ogapKNMEKNMjibA==}
    engines: {node: '>= 8'}
    hasBin: true

  wrap-ansi@7.0.0:
    resolution: {integrity: sha512-YVGIj2kamLSTxw6NsZjoBxfSwsn0ycdesmc4p+Q21c5zPuZ1pl+NfxVdxPtdHvmNVOQ6XSYG4AUtyt/Fi7D16Q==}
    engines: {node: '>=10'}

  wrap-ansi@8.1.0:
    resolution: {integrity: sha512-si7QWI6zUMq56bESFvagtmzMdGOtoxfR+Sez11Mobfc7tm+VkUckk9bW2UeffTGVUbOksxmSw0AA2gs8g71NCQ==}
    engines: {node: '>=12'}

  yallist@4.0.0:
    resolution: {integrity: sha512-3wdGidZyq5PB084XLES5TpOSRA3wjXAlIWMhum2kRcv/41Sn2emQ0dycQW4uZXLejwKvg6EsvbdlVL+FYEct7A==}

snapshots:

  '@babel/generator@7.28.0':
    dependencies:
      '@babel/parser': 7.28.0
      '@babel/types': 7.28.1
      '@jridgewell/gen-mapping': 0.3.12
      '@jridgewell/trace-mapping': 0.3.29
      jsesc: 3.1.0

  '@babel/helper-string-parser@7.27.1': {}

  '@babel/helper-validator-identifier@7.27.1': {}

  '@babel/parser@7.28.0':
    dependencies:
      '@babel/types': 7.28.1

  '@babel/types@7.28.1':
    dependencies:
      '@babel/helper-string-parser': 7.27.1
      '@babel/helper-validator-identifier': 7.27.1

  '@emnapi/core@1.4.4':
    dependencies:
      '@emnapi/wasi-threads': 1.0.3
      tslib: 2.8.1
    optional: true

  '@emnapi/runtime@1.4.4':
    dependencies:
      tslib: 2.8.1
    optional: true

  '@emnapi/wasi-threads@1.0.3':
    dependencies:
      tslib: 2.8.1
    optional: true

  '@isaacs/cliui@8.0.2':
    dependencies:
      string-width: 5.1.2
      string-width-cjs: string-width@4.2.3
      strip-ansi: 7.1.0
      strip-ansi-cjs: strip-ansi@6.0.1
      wrap-ansi: 8.1.0
      wrap-ansi-cjs: wrap-ansi@7.0.0

  '@jridgewell/gen-mapping@0.3.12':
    dependencies:
      '@jridgewell/sourcemap-codec': 1.5.0
      '@jridgewell/trace-mapping': 0.3.29

  '@jridgewell/resolve-uri@3.1.2': {}

  '@jridgewell/sourcemap-codec@1.5.0': {}

  '@jridgewell/trace-mapping@0.3.29':
    dependencies:
      '@jridgewell/resolve-uri': 3.1.2
      '@jridgewell/sourcemap-codec': 1.5.0

  '@napi-rs/wasm-runtime@1.0.0':
    dependencies:
      '@emnapi/core': 1.4.4
      '@emnapi/runtime': 1.4.4
      '@tybys/wasm-util': 0.10.0
    optional: true

  '@oxc-project/runtime@0.77.2': {}

  '@oxc-project/types@0.77.2': {}

  '@quansync/fs@0.1.3':
    dependencies:
      quansync: 0.2.10

  '@rolldown/binding-android-arm64@1.0.0-beta.28':
    optional: true

  '@rolldown/binding-darwin-arm64@1.0.0-beta.28':
    optional: true

  '@rolldown/binding-darwin-x64@1.0.0-beta.28':
    optional: true

  '@rolldown/binding-freebsd-x64@1.0.0-beta.28':
    optional: true

  '@rolldown/binding-linux-arm-gnueabihf@1.0.0-beta.28':
    optional: true

  '@rolldown/binding-linux-arm64-gnu@1.0.0-beta.28':
    optional: true

  '@rolldown/binding-linux-arm64-musl@1.0.0-beta.28':
    optional: true

  '@rolldown/binding-linux-arm64-ohos@1.0.0-beta.28':
    optional: true

  '@rolldown/binding-linux-x64-gnu@1.0.0-beta.28':
    optional: true

  '@rolldown/binding-linux-x64-musl@1.0.0-beta.28':
    optional: true

  '@rolldown/binding-wasm32-wasi@1.0.0-beta.28':
    dependencies:
      '@napi-rs/wasm-runtime': 1.0.0
    optional: true

  '@rolldown/binding-win32-arm64-msvc@1.0.0-beta.28':
    optional: true

  '@rolldown/binding-win32-ia32-msvc@1.0.0-beta.28':
    optional: true

  '@rolldown/binding-win32-x64-msvc@1.0.0-beta.28':
    optional: true

  '@rolldown/pluginutils@1.0.0-beta.28': {}

  '@tybys/wasm-util@0.10.0':
    dependencies:
      tslib: 2.8.1
    optional: true

  '@types/node@22.13.4':
    dependencies:
      undici-types: 6.20.0

  acorn@8.14.0: {}

  ansi-regex@5.0.1: {}

  ansi-regex@6.1.0: {}

  ansi-styles@4.3.0:
    dependencies:
      color-convert: 2.0.1

  ansi-styles@6.2.1: {}

  ansis@4.1.0: {}

  argparse@2.0.1: {}

  args-tokenizer@0.3.0: {}

  ast-kit@2.1.1:
    dependencies:
      '@babel/parser': 7.28.0
      pathe: 2.0.3

  asynckit@0.4.0: {}

  axios@1.7.9:
    dependencies:
      follow-redirects: 1.15.9
      form-data: 4.0.2
      proxy-from-env: 1.1.0
    transitivePeerDependencies:
      - debug

  balanced-match@1.0.2: {}

  birpc@2.5.0: {}

  brace-expansion@2.0.1:
    dependencies:
      balanced-match: 1.0.2

  bumpp@10.0.3:
    dependencies:
      args-tokenizer: 0.3.0
      c12: 2.0.2
      cac: 6.7.14
      escalade: 3.2.0
      js-yaml: 4.1.0
      jsonc-parser: 3.3.1
      package-manager-detector: 0.2.9
      prompts: 2.4.2
      semver: 7.7.1
      tinyexec: 0.3.2
      tinyglobby: 0.2.12
    transitivePeerDependencies:
      - magicast

  c12@2.0.2:
    dependencies:
      chokidar: 4.0.3
      confbox: 0.1.8
      defu: 6.1.4
      dotenv: 16.4.7
      giget: 1.2.4
      jiti: 2.4.2
      mlly: 1.7.4
      ohash: 1.1.4
      pathe: 2.0.3
      perfect-debounce: 1.0.0
      pkg-types: 1.3.1
      rc9: 2.1.2

  cac@6.7.14: {}

  call-bind-apply-helpers@1.0.2:
    dependencies:
      es-errors: 1.3.0
      function-bind: 1.1.2

  chokidar@4.0.3:
    dependencies:
      readdirp: 4.1.2

  chownr@2.0.0: {}

  citty@0.1.6:
    dependencies:
      consola: 3.4.0

  color-convert@2.0.1:
    dependencies:
      color-name: 1.1.4

  color-name@1.1.4: {}

  combined-stream@1.0.8:
    dependencies:
      delayed-stream: 1.0.0

  confbox@0.1.8: {}

  consola@3.4.0: {}

  cross-spawn@7.0.6:
    dependencies:
      path-key: 3.1.1
      shebang-command: 2.0.0
      which: 2.0.2

  debug@4.4.1:
    dependencies:
      ms: 2.1.3

  defu@6.1.4: {}

  delayed-stream@1.0.0: {}

  destr@2.0.3: {}

  diff@8.0.2: {}

  dotenv@16.4.7: {}

  dotenv@17.2.2: {}

  dts-resolver@2.1.1: {}

  dunder-proto@1.0.1:
    dependencies:
      call-bind-apply-helpers: 1.0.2
      es-errors: 1.3.0
      gopd: 1.2.0

  eastasianwidth@0.2.0: {}

  emoji-regex@8.0.0: {}

  emoji-regex@9.2.2: {}

  empathic@2.0.0: {}

  es-define-property@1.0.1: {}

  es-errors@1.3.0: {}

  es-object-atoms@1.1.1:
    dependencies:
      es-errors: 1.3.0

  es-set-tostringtag@2.1.0:
    dependencies:
      es-errors: 1.3.0
      get-intrinsic: 1.2.7
      has-tostringtag: 1.0.2
      hasown: 2.0.2

  escalade@3.2.0: {}

  fdir@6.4.3(picomatch@4.0.2):
    optionalDependencies:
      picomatch: 4.0.2

  fdir@6.4.6(picomatch@4.0.2):
    optionalDependencies:
      picomatch: 4.0.2

  follow-redirects@1.15.9: {}

  foreground-child@3.3.0:
    dependencies:
      cross-spawn: 7.0.6
      signal-exit: 4.1.0

  form-data@4.0.2:
    dependencies:
      asynckit: 0.4.0
      combined-stream: 1.0.8
      es-set-tostringtag: 2.1.0
      mime-types: 2.1.35

  fs-minipass@2.1.0:
    dependencies:
      minipass: 3.3.6

  function-bind@1.1.2: {}

  get-intrinsic@1.2.7:
    dependencies:
      call-bind-apply-helpers: 1.0.2
      es-define-property: 1.0.1
      es-errors: 1.3.0
      es-object-atoms: 1.1.1
      function-bind: 1.1.2
      get-proto: 1.0.1
      gopd: 1.2.0
      has-symbols: 1.1.0
      hasown: 2.0.2
      math-intrinsics: 1.1.0

  get-proto@1.0.1:
    dependencies:
      dunder-proto: 1.0.1
      es-object-atoms: 1.1.1

  get-tsconfig@4.10.1:
    dependencies:
      resolve-pkg-maps: 1.0.0

  giget@1.2.4:
    dependencies:
      citty: 0.1.6
      consola: 3.4.0
      defu: 6.1.4
      node-fetch-native: 1.6.6
      nypm: 0.5.4
      ohash: 1.1.4
      pathe: 2.0.3
      tar: 6.2.1

  glob@11.0.1:
    dependencies:
      foreground-child: 3.3.0
      jackspeak: 4.0.3
      minimatch: 10.0.1
      minipass: 7.1.2
      package-json-from-dist: 1.0.1
      path-scurry: 2.0.0

  gopd@1.2.0: {}

  has-symbols@1.1.0: {}

  has-tostringtag@1.0.2:
    dependencies:
      has-symbols: 1.1.0

  hasown@2.0.2:
    dependencies:
      function-bind: 1.1.2

  hookable@5.5.3: {}

  is-fullwidth-code-point@3.0.0: {}

  isexe@2.0.0: {}

  jackspeak@4.0.3:
    dependencies:
      '@isaacs/cliui': 8.0.2

  jiti@2.4.2: {}

  js-yaml@4.1.0:
    dependencies:
      argparse: 2.0.1

  jsesc@3.1.0: {}

  jsonc-parser@3.3.1: {}

  kleur@3.0.3: {}

  lru-cache@11.0.2: {}

  math-intrinsics@1.1.0: {}

  mime-db@1.52.0: {}

  mime-types@2.1.35:
    dependencies:
      mime-db: 1.52.0

  minimatch@10.0.1:
    dependencies:
      brace-expansion: 2.0.1

  minipass@3.3.6:
    dependencies:
      yallist: 4.0.0

  minipass@5.0.0: {}

  minipass@7.1.2: {}

  minizlib@2.1.2:
    dependencies:
      minipass: 3.3.6
      yallist: 4.0.0

  mkdirp@1.0.4: {}

  mlly@1.7.4:
    dependencies:
      acorn: 8.14.0
      pathe: 2.0.3
      pkg-types: 1.3.1
      ufo: 1.5.4

  ms@2.1.3: {}

  node-fetch-native@1.6.6: {}

  nypm@0.5.4:
    dependencies:
      citty: 0.1.6
      consola: 3.4.0
      pathe: 2.0.3
      pkg-types: 1.3.1
      tinyexec: 0.3.2
      ufo: 1.5.4

  ohash@1.1.4: {}

  package-json-from-dist@1.0.1: {}

  package-manager-detector@0.2.9: {}

  path-key@3.1.1: {}

  path-scurry@2.0.0:
    dependencies:
      lru-cache: 11.0.2
      minipass: 7.1.2

  pathe@2.0.3: {}

  perfect-debounce@1.0.0: {}

  picomatch@4.0.2: {}

  pkg-types@1.3.1:
    dependencies:
      confbox: 0.1.8
      mlly: 1.7.4
      pathe: 2.0.3

  prompts@2.4.2:
    dependencies:
      kleur: 3.0.3
      sisteransi: 1.0.5

  proxy-from-env@1.1.0: {}

  quansync@0.2.10: {}

  rc9@2.1.2:
    dependencies:
      defu: 6.1.4
      destr: 2.0.3

  readdirp@4.1.2: {}

  resolve-pkg-maps@1.0.0: {}

  rolldown-plugin-dts@0.13.14(rolldown@1.0.0-beta.28)(typescript@5.7.3):
    dependencies:
      '@babel/generator': 7.28.0
      '@babel/parser': 7.28.0
      '@babel/types': 7.28.1
      ast-kit: 2.1.1
      birpc: 2.5.0
      debug: 4.4.1
      dts-resolver: 2.1.1
      get-tsconfig: 4.10.1
      rolldown: 1.0.0-beta.28
    optionalDependencies:
      typescript: 5.7.3
    transitivePeerDependencies:
      - oxc-resolver
      - supports-color

  rolldown@1.0.0-beta.28:
    dependencies:
      '@oxc-project/runtime': 0.77.2
      '@oxc-project/types': 0.77.2
      '@rolldown/pluginutils': 1.0.0-beta.28
      ansis: 4.1.0
    optionalDependencies:
      '@rolldown/binding-android-arm64': 1.0.0-beta.28
      '@rolldown/binding-darwin-arm64': 1.0.0-beta.28
      '@rolldown/binding-darwin-x64': 1.0.0-beta.28
      '@rolldown/binding-freebsd-x64': 1.0.0-beta.28
      '@rolldown/binding-linux-arm-gnueabihf': 1.0.0-beta.28
      '@rolldown/binding-linux-arm64-gnu': 1.0.0-beta.28
      '@rolldown/binding-linux-arm64-musl': 1.0.0-beta.28
      '@rolldown/binding-linux-arm64-ohos': 1.0.0-beta.28
      '@rolldown/binding-linux-x64-gnu': 1.0.0-beta.28
      '@rolldown/binding-linux-x64-musl': 1.0.0-beta.28
      '@rolldown/binding-wasm32-wasi': 1.0.0-beta.28
      '@rolldown/binding-win32-arm64-msvc': 1.0.0-beta.28
      '@rolldown/binding-win32-ia32-msvc': 1.0.0-beta.28
      '@rolldown/binding-win32-x64-msvc': 1.0.0-beta.28

  semver@7.7.1: {}

  semver@7.7.2: {}

  shebang-command@2.0.0:
    dependencies:
      shebang-regex: 3.0.0

  shebang-regex@3.0.0: {}

  signal-exit@4.1.0: {}

  sisteransi@1.0.5: {}

  string-width@4.2.3:
    dependencies:
      emoji-regex: 8.0.0
      is-fullwidth-code-point: 3.0.0
      strip-ansi: 6.0.1

  string-width@5.1.2:
    dependencies:
      eastasianwidth: 0.2.0
      emoji-regex: 9.2.2
      strip-ansi: 7.1.0

  strip-ansi@6.0.1:
    dependencies:
      ansi-regex: 5.0.1

  strip-ansi@7.1.0:
    dependencies:
      ansi-regex: 6.1.0

  tar@6.2.1:
    dependencies:
      chownr: 2.0.0
      fs-minipass: 2.1.0
      minipass: 5.0.0
      minizlib: 2.1.2
      mkdirp: 1.0.4
      yallist: 4.0.0

  tinyexec@0.3.2: {}

  tinyexec@1.0.1: {}

  tinyglobby@0.2.12:
    dependencies:
      fdir: 6.4.3(picomatch@4.0.2)
      picomatch: 4.0.2

  tinyglobby@0.2.14:
    dependencies:
      fdir: 6.4.6(picomatch@4.0.2)
      picomatch: 4.0.2

  tsdown@0.12.9(typescript@5.7.3):
    dependencies:
      ansis: 4.1.0
      cac: 6.7.14
      chokidar: 4.0.3
      debug: 4.4.1
      diff: 8.0.2
      empathic: 2.0.0
      hookable: 5.5.3
      rolldown: 1.0.0-beta.28
      rolldown-plugin-dts: 0.13.14(rolldown@1.0.0-beta.28)(typescript@5.7.3)
      semver: 7.7.2
      tinyexec: 1.0.1
      tinyglobby: 0.2.14
      unconfig: 7.3.2
    optionalDependencies:
      typescript: 5.7.3
    transitivePeerDependencies:
      - '@typescript/native-preview'
      - oxc-resolver
      - supports-color
      - vue-tsc

  tslib@2.8.1: {}

  typescript@5.7.3: {}

  ufo@1.5.4: {}

  unconfig@7.3.2:
    dependencies:
      '@quansync/fs': 0.1.3
      defu: 6.1.4
      jiti: 2.4.2
      quansync: 0.2.10

  undici-types@6.20.0: {}

  which@2.0.2:
    dependencies:
      isexe: 2.0.0

  wrap-ansi@7.0.0:
    dependencies:
      ansi-styles: 4.3.0
      string-width: 4.2.3
      strip-ansi: 6.0.1

  wrap-ansi@8.1.0:
    dependencies:
      ansi-styles: 6.2.1
      string-width: 5.1.2
      strip-ansi: 7.1.0

  yallist@4.0.0: {}
